
Microsoft Visual Studio Solution File, Format Version 12.00
# Visual Studio Version 17
VisualStudioVersion = 17.5.33516.290
MinimumVisualStudioVersion = 10.0.40219.1
Project("{FAE04EC0-301F-11D3-BF4B-00C04F79EFBC}") = "OnlineBankingSystem", "OnlineBankingSystem\OnlineBankingSystem.csproj", "{28AB3617-D122-49B5-99F0-10D40885F8A4}"
EndProject
Global
	GlobalSection(SolutionConfigurationPlatforms) = preSolution
		Debug|Any CPU = Debug|Any CPU
		Release|Any CPU = Release|Any CPU
	EndGlobalSection
	GlobalSection(ProjectConfigurationPlatforms) = postSolution
		{28AB3617-D122-49B5-99F0-10D40885F8A4}.Debug|Any CPU.ActiveCfg = Debug|Any CPU
		{28AB3617-D122-49B5-99F0-10D40885F8A4}.Debug|Any CPU.Build.0 = Debug|Any CPU
		{28AB3617-D122-49B5-99F0-10D40885F8A4}.Release|Any CPU.ActiveCfg = Release|Any CPU
		{28AB3617-D122-49B5-99F0-10D40885F8A4}.Release|Any CPU.Build.0 = Release|Any CPU
	EndGlobalSection
	GlobalSection(SolutionProperties) = preSolution
		HideSolutionNode = FALSE
	EndGlobalSection
	GlobalSection(ExtensibilityGlobals) = postSolution
		SolutionGuid = {0FE62C6E-E0C7-4EE4-950C-749CF516B7C3}
	EndGlobalSection
EndGlobal
